
Microsoft Visual Studio Solution File, Format Version 12.00
# Visual Studio Version 17
VisualStudioVersion = 17.14.36429.23
MinimumVisualStudioVersion = 10.0.40219.1
Project("{FAE04EC0-301F-11D3-BF4B-00C04F79EFBC}") = "InventorySystem", "InventorySystem\InventorySystem.csproj", "{957D3C6B-7738-448C-9FEC-222DED0C1DBB}"
EndProject
Global
	GlobalSection(SolutionConfigurationPlatforms) = preSolution
		Debug|Any CPU = Debug|Any CPU
		Release|Any CPU = Release|Any CPU
	EndGlobalSection
	GlobalSection(ProjectConfigurationPlatforms) = postSolution
		{957D3C6B-7738-448C-9FEC-222DED0C1DBB}.Debug|Any CPU.ActiveCfg = Debug|Any CPU
		{957D3C6B-7738-448C-9FEC-222DED0C1DBB}.Debug|Any CPU.Build.0 = Debug|Any CPU
		{957D3C6B-7738-448C-9FEC-222DED0C1DBB}.Release|Any CPU.ActiveCfg = Release|Any CPU
		{957D3C6B-7738-448C-9FEC-222DED0C1DBB}.Release|Any CPU.Build.0 = Release|Any CPU
	EndGlobalSection
	GlobalSection(SolutionProperties) = preSolution
		HideSolutionNode = FALSE
	EndGlobalSection
	GlobalSection(ExtensibilityGlobals) = postSolution
		SolutionGuid = {801C0252-2035-4941-B44E-C1081F7EEC81}
	EndGlobalSection
EndGlobal
